// !$*UTF8*$!
{
	archiveVersion = 1;
	classes = {
	};
	objectVersion = 50;
	objects = {

/* Begin PBXBuildFile section */
		A1042CAC26863E600029F25F /* AppDelegate.swift in Sources */ = {isa = PBXBuildFile; fileRef = A1042CAB26863E600029F25F /* AppDelegate.swift */; };
		A1042CAE26863E600029F25F /* SceneDelegate.swift in Sources */ = {isa = PBXBuildFile; fileRef = A1042CAD26863E600029F25F /* SceneDelegate.swift */; };
		A1042CB026863E600029F25F /* ViewController.swift in Sources */ = {isa = PBXBuildFile; fileRef = A1042CAF26863E600029F25F /* ViewController.swift */; };
		A1042CB326863E600029F25F /* Main.storyboard in Resources */ = {isa = PBXBuildFile; fileRef = A1042CB126863E600029F25F /* Main.storyboard */; };
		A1042CB526863E620029F25F /* Assets.xcassets in Resources */ = {isa = PBXBuildFile; fileRef = A1042CB426863E620029F25F /* Assets.xcassets */; };
		A1042CB826863E620029F25F /* LaunchScreen.storyboard in Resources */ = {isa = PBXBuildFile; fileRef = A1042CB626863E620029F25F /* LaunchScreen.storyboard */; };
		A11C1F9426864F2B001106F5 /* ImageCell.swift in Sources */ = {isa = PBXBuildFile; fileRef = A11C1F9226864F2B001106F5 /* ImageCell.swift */; };
		A11C1F9526864F2B001106F5 /* ImageCell.xib in Resources */ = {isa = PBXBuildFile; fileRef = A11C1F9326864F2B001106F5 /* ImageCell.xib */; };
/* End PBXBuildFile section */

/* Begin PBXFileReference section */
		A1042CA826863E600029F25F /* ParallaxEffect.app */ = {isa = PBXFileReference; explicitFileType = wrapper.application; includeInIndex = 0; path = ParallaxEffect.app; sourceTree = BUILT_PRODUCTS_DIR; };
		A1042CAB26863E600029F25F /* AppDelegate.swift */ = {isa = PBXFileReference; lastKnownFileType = sourcecode.swift; path = AppDelegate.swift; sourceTree = "<group>"; };
		A1042CAD26863E600029F25F /* SceneDelegate.swift */ = {isa = PBXFileReference; lastKnownFileType = sourcecode.swift; path = SceneDelegate.swift; sourceTree = "<group>"; };
		A1042CAF26863E600029F25F /* ViewController.swift */ = {isa = PBXFileReference; lastKnownFileType = sourcecode.swift; path = ViewController.swift; sourceTree = "<group>"; };
		A1042CB226863E600029F25F /* Base */ = {isa = PBXFileReference; lastKnownFileType = file.storyboard; name = Base; path = Base.lproj/Main.storyboard; sourceTree = "<group>"; };
		A1042CB426863E620029F25F /* Assets.xcassets */ = {isa = PBXFileReference; lastKnownFileType = folder.assetcatalog; path = Assets.xcassets; sourceTree = "<group>"; };
		A1042CB726863E620029F25F /* Base */ = {isa = PBXFileReference; lastKnownFileType = file.storyboard; name = Base; path = Base.lproj/LaunchScreen.storyboard; sourceTree = "<group>"; };
		A1042CB926863E620029F25F /* Info.plist */ = {isa = PBXFileReference; lastKnownFileType = text.plist.xml; path = Info.plist; sourceTree = "<group>"; };
		A11C1F9226864F2B001106F5 /* ImageCell.swift */ = {isa = PBXFileReference; lastKnownFileType = sourcecode.swift; path = ImageCell.swift; sourceTree = "<group>"; };
		A11C1F9326864F2B001106F5 /* ImageCell.xib */ = {isa = PBXFileReference; lastKnownFileType = file.xib; path = ImageCell.xib; sourceTree = "<group>"; };
/* End PBXFileReference section */

/* Begin PBXFrameworksBuildPhase section */
		A1042CA526863E600029F25F /* Frameworks */ = {
			isa = PBXFrameworksBuildPhase;
			buildActionMask = 2147483647;
			files = (
			);
			runOnlyForDeploymentPostprocessing = 0;
		};
/* End PBXFrameworksBuildPhase section */

/* Begin PBXGroup section */
		A1042C9F26863E600029F25F = {
			isa = PBXGroup;
			children = (
				A1042CAA26863E600029F25F /* ParallaxEffect */,
				A1042CA926863E600029F25F /* Products */,
			);
			sourceTree = "<group>";
		};
		A1042CA926863E600029F25F /* Products */ = {
			isa = PBXGroup;
			children = (
				A1042CA826863E600029F25F /* ParallaxEffect.app */,
			);
			name = Products;
			sourceTree = "<group>";
		};
		A1042CAA26863E600029F25F /* ParallaxEffect */ = {
			isa = PBXGroup;
			children = (
				A1042CAB26863E600029F25F /* AppDelegate.swift */,
				A1042CAD26863E600029F25F /* SceneDelegate.swift */,
				A1042CAF26863E600029F25F /* ViewController.swift */,
				A1042CB126863E600029F25F /* Main.storyboard */,
				A1042CB426863E620029F25F /* Assets.xcassets */,
				A1042CB626863E620029F25F /* LaunchScreen.storyboard */,
				A1042CB926863E620029F25F /* Info.plist */,
				A11C1F9226864F2B001106F5 /* ImageCell.swift */,
				A11C1F9326864F2B001106F5 /* ImageCell.xib */,
			);
			path = ParallaxEffect;
			sourceTree = "<group>";
		};
/* End PBXGroup section */

/* Begin PBXNativeTarget section */
		A1042CA726863E600029F25F /* ParallaxEffect */ = {
			isa = PBXNativeTarget;
			buildConfigurationList = A1042CBC26863E620029F25F /* Build configuration list for PBXNativeTarget "ParallaxEffect" */;
			buildPhases = (
				A1042CA426863E600029F25F /* Sources */,
				A1042CA526863E600029F25F /* Frameworks */,
				A1042CA626863E600029F25F /* Resources */,
			);
			buildRules = (
			);
			dependencies = (
			);
			name = ParallaxEffect;
			productName = ParallaxEffect;
			productReference = A1042CA826863E600029F25F /* ParallaxEffect.app */;
			productType = "com.apple.product-type.application";
		};
/* End PBXNativeTarget section */

/* Begin PBXProject section */
		A1042CA026863E600029F25F /* Project object */ = {
			isa = PBXProject;
			attributes = {
				LastSwiftUpdateCheck = 1250;
				LastUpgradeCheck = 1250;
				TargetAttributes = {
					A1042CA726863E600029F25F = {
						CreatedOnToolsVersion = 12.5;
					};
				};
			};
			buildConfigurationList = A1042CA326863E600029F25F /* Build configuration list for PBXProject "ParallaxEffect" */;
			compatibilityVersion = "Xcode 9.3";
			developmentRegion = en;
			hasScannedForEncodings = 0;
			knownRegions = (
				en,
				Base,
			);
			mainGroup = A1042C9F26863E600029F25F;
			productRefGroup = A1042CA926863E600029F25F /* Products */;
			projectDirPath = "";
			projectRoot = "";
			targets = (
				A1042CA726863E600029F25F /* ParallaxEffect */,
			);
		};
/* End PBXProject section */

/* Begin PBXResourcesBuildPhase section */
		A1042CA626863E600029F25F /* Resources */ = {
			isa = PBXResourcesBuildPhase;
			buildActionMask = 2147483647;
			files = (
				A1042CB826863E620029F25F /* LaunchScreen.storyboard in Resources */,
				A11C1F9526864F2B001106F5 /* ImageCell.xib in Resources */,
				A1042CB526863E620029F25F /* Assets.xcassets in Resources */,
				A1042CB326863E600029F25F /* Main.storyboard in Resources */,
			);
			runOnlyForDeploymentPostprocessing = 0;
		};
/* End PBXResourcesBuildPhase section */

/* Begin PBXSourcesBuildPhase section */
		A1042CA426863E600029F25F /* Sources */ = {
			isa = PBXSourcesBuildPhase;
			buildActionMask = 2147483647;
			files = (
				A1042CB026863E600029F25F /* ViewController.swift in Sources */,
				A11C1F9426864F2B001106F5 /* ImageCell.swift in Sources */,
				A1042CAC26863E600029F25F /* AppDelegate.swift in Sources */,
				A1042CAE26863E600029F25F /* SceneDelegate.swift in Sources */,
			);
			runOnlyForDeploymentPostprocessing = 0;
		};
/* End PBXSourcesBuildPhase section */

/* Begin PBXVariantGroup section */
		A1042CB126863E600029F25F /* Main.storyboard */ = {
			isa = PBXVariantGroup;
			children = (
				A1042CB226863E600029F25F /* Base */,
			);
			name = Main.storyboard;
			sourceTree = "<group>";
		};
		A1042CB626863E620029F25F /* LaunchScreen.storyboard */ = {
			isa = PBXVariantGroup;
			children = (
				A1042CB726863E620029F25F /* Base */,
			);
			name = LaunchScreen.storyboard;
			sourceTree = "<group>";
		};
/* End PBXVariantGroup section */

/* Begin XCBuildConfiguration section */
		A1042CBA26863E620029F25F /* Debug */ = {
			isa = XCBuildConfiguration;
			buildSettings = {
				ALWAYS_SEARCH_USER_PATHS = NO;
				CLANG_ANALYZER_NONNULL = YES;
				CLANG_ANALYZER_NUMBER_OBJECT_CONVERSION = YES_AGGRESSIVE;
				CLANG_CXX_LANGUAGE_STANDARD = "gnu++14";
				CLANG_CXX_LIBRARY = "libc++";
				CLANG_ENABLE_MODULES = YES;
				CLANG_ENABLE_OBJC_ARC = YES;
				CLANG_ENABLE_OBJC_WEAK = YES;
				CLANG_WARN_BLOCK_CAPTURE_AUTORELEASING = YES;
				CLANG_WARN_BOOL_CONVERSION = YES;
				CLANG_WARN_COMMA = YES;
				CLANG_WARN_CONSTANT_CONVERSION = YES;
				CLANG_WARN_DEPRECATED_OBJC_IMPLEMENTATIONS = YES;
				CLANG_WARN_DIRECT_OBJC_ISA_USAGE = YES_ERROR;
				CLANG_WARN_DOCUMENTATION_COMMENTS = YES;
				CLANG_WARN_EMPTY_BODY = YES;
				CLANG_WARN_ENUM_CONVERSION = YES;
				CLANG_WARN_INFINITE_RECURSION = YES;
				CLANG_WARN_INT_CONVERSION = YES;
				CLANG_WARN_NON_LITERAL_NULL_CONVERSION = YES;
				CLANG_WARN_OBJC_IMPLICIT_RETAIN_SELF = YES;
				CLANG_WARN_OBJC_LITERAL_CONVERSION = YES;
				CLANG_WARN_OBJC_ROOT_CLASS = YES_ERROR;
				CLANG_WARN_QUOTED_INCLUDE_IN_FRAMEWORK_HEADER = YES;
				CLANG_WARN_RANGE_LOOP_ANALYSIS = YES;
				CLANG_WARN_STRICT_PROTOTYPES = YES;
				CLANG_WARN_SUSPICIOUS_MOVE = YES;
				CLANG_WARN_UNGUARDED_AVAILABILITY = YES_AGGRESSIVE;
				CLANG_WARN_UNREACHABLE_CODE = YES;
				CLANG_WARN__DUPLICATE_METHOD_MATCH = YES;
				COPY_PHASE_STRIP = NO;
				DEBUG_INFORMATION_FORMAT = dwarf;
				ENABLE_STRICT_OBJC_MSGSEND = YES;
				ENABLE_TESTABILITY = YES;
				GCC_C_LANGUAGE_STANDARD = gnu11;
				GCC_DYNAMIC_NO_PIC = NO;
				GCC_NO_COMMON_BLOCKS = YES;
				GCC_OPTIMIZATION_LEVEL = 0;
				GCC_PREPROCESSOR_DEFINITIONS = (
					"DEBUG=1",
					"$(inherited)",
				);
				GCC_WARN_64_TO_32_BIT_CONVERSION = YES;
				GCC_WARN_ABOUT_RETURN_TYPE = YES_ERROR;
				GCC_WARN_UNDECLARED_SELECTOR = YES;
				GCC_WARN_UNINITIALIZED_AUTOS = YES_AGGRESSIVE;
				GCC_WARN_UNUSED_FUNCTION = YES;
				GCC_WARN_UNUSED_VARIABLE = YES;
				IPHONEOS_DEPLOYMENT_TARGET = 14.5;
				MTL_ENABLE_DEBUG_INFO = INCLUDE_SOURCE;
				MTL_FAST_MATH = YES;
				ONLY_ACTIVE_ARCH = YES;
				SDKROOT = iphoneos;
				SWIFT_ACTIVE_COMPILATION_CONDITIONS = DEBUG;
				SWIFT_OPTIMIZATION_LEVEL = "-Onone";
			};
			name = Debug;
		};
		A1042CBB26863E620029F25F /* Release */ = {
			isa = XCBuildConfiguration;
			buildSettings = {
				ALWAYS_SEARCH_USER_PATHS = NO;
				CLANG_ANALYZER_NONNULL = YES;
				CLANG_ANALYZER_NUMBER_OBJECT_CONVERSION = YES_AGGRESSIVE;
				CLANG_CXX_LANGUAGE_STANDARD = "gnu++14";
				CLANG_CXX_LIBRARY = "libc++";
				CLANG_ENABLE_MODULES = YES;
				CLANG_ENABLE_OBJC_ARC = YES;
				CLANG_ENABLE_OBJC_WEAK = YES;
				CLANG_WARN_BLOCK_CAPTURE_AUTORELEASING = YES;
				CLANG_WARN_BOOL_CONVERSION = YES;
				CLANG_WARN_COMMA = YES;
				CLANG_WARN_CONSTANT_CONVERSION = YES;
				CLANG_WARN_DEPRECATED_OBJC_IMPLEMENTATIONS = YES;
				CLANG_WARN_DIRECT_OBJC_ISA_USAGE = YES_ERROR;
				CLANG_WARN_DOCUMENTATION_COMMENTS = YES;
				CLANG_WARN_EMPTY_BODY = YES;
				CLANG_WARN_ENUM_CONVERSION = YES;
				CLANG_WARN_INFINITE_RECURSION = YES;
				CLANG_WARN_INT_CONVERSION = YES;
				CLANG_WARN_NON_LITERAL_NULL_CONVERSION = YES;
				CLANG_WARN_OBJC_IMPLICIT_RETAIN_SELF = YES;
				CLANG_WARN_OBJC_LITERAL_CONVERSION = YES;
				CLANG_WARN_OBJC_ROOT_CLASS = YES_ERROR;
				CLANG_WARN_QUOTED_INCLUDE_IN_FRAMEWORK_HEADER = YES;
				CLANG_WARN_RANGE_LOOP_ANALYSIS = YES;
				CLANG_WARN_STRICT_PROTOTYPES = YES;
				CLANG_WARN_SUSPICIOUS_MOVE = YES;
				CLANG_WARN_UNGUARDED_AVAILABILITY = YES_AGGRESSIVE;
				CLANG_WARN_UNREACHABLE_CODE = YES;
				CLANG_WARN__DUPLICATE_METHOD_MATCH = YES;
				COPY_PHASE_STRIP = NO;
				DEBUG_INFORMATION_FORMAT = "dwarf-with-dsym";
				ENABLE_NS_ASSERTIONS = NO;
				ENABLE_STRICT_OBJC_MSGSEND = YES;
				GCC_C_LANGUAGE_STANDARD = gnu11;
				GCC_NO_COMMON_BLOCKS = YES;
				GCC_WARN_64_TO_32_BIT_CONVERSION = YES;
				GCC_WARN_ABOUT_RETURN_TYPE = YES_ERROR;
				GCC_WARN_UNDECLARED_SELECTOR = YES;
				GCC_WARN_UNINITIALIZED_AUTOS = YES_AGGRESSIVE;
				GCC_WARN_UNUSED_FUNCTION = YES;
				GCC_WARN_UNUSED_VARIABLE = YES;
				IPHONEOS_DEPLOYMENT_TARGET = 14.5;
				MTL_ENABLE_DEBUG_INFO = NO;
				MTL_FAST_MATH = YES;
				SDKROOT = iphoneos;
				SWIFT_COMPILATION_MODE = wholemodule;
				SWIFT_OPTIMIZATION_LEVEL = "-O";
				VALIDATE_PRODUCT = YES;
			};
			name = Release;
		};
		A1042CBD26863E620029F25F /* Debug */ = {
			isa = XCBuildConfiguration;
			buildSettings = {
				ASSETCATALOG_COMPILER_APPICON_NAME = AppIcon;
				ASSETCATALOG_COMPILER_GLOBAL_ACCENT_COLOR_NAME = AccentColor;
				CODE_SIGN_STYLE = Automatic;
				DEVELOPMENT_TEAM = AT3GT5737N;
				INFOPLIST_FILE = ParallaxEffect/Info.plist;
				LD_RUNPATH_SEARCH_PATHS = (
					"$(inherited)",
					"@executable_path/Frameworks",
				);
				PRODUCT_BUNDLE_IDENTIFIER = com.SwiftFalcon.ParallaxEffect;
				PRODUCT_NAME = "$(TARGET_NAME)";
				SWIFT_VERSION = 5.0;
				TARGETED_DEVICE_FAMILY = "1,2";
			};
			name = Debug;
		};
		A1042CBE26863E620029F25F /* Release */ = {
			isa = XCBuildConfiguration;
			buildSettings = {
				ASSETCATALOG_COMPILER_APPICON_NAME = AppIcon;
				ASSETCATALOG_COMPILER_GLOBAL_ACCENT_COLOR_NAME = AccentColor;
				CODE_SIGN_STYLE = Automatic;
				DEVELOPMENT_TEAM = AT3GT5737N;
				INFOPLIST_FILE = ParallaxEffect/Info.plist;
				LD_RUNPATH_SEARCH_PATHS = (
					"$(inherited)",
					"@executable_path/Frameworks",
				);
				PRODUCT_BUNDLE_IDENTIFIER = com.SwiftFalcon.ParallaxEffect;
				PRODUCT_NAME = "$(TARGET_NAME)";
				SWIFT_VERSION = 5.0;
				TARGETED_DEVICE_FAMILY = "1,2";
			};
			name = Release;
		};
/* End XCBuildConfiguration section */

/* Begin XCConfigurationList section */
		A1042CA326863E600029F25F /* Build configuration list for PBXProject "ParallaxEffect" */ = {
			isa = XCConfigurationList;
			buildConfigurations = (
				A1042CBA26863E620029F25F /* Debug */,
				A1042CBB26863E620029F25F /* Release */,
			);
			defaultConfigurationIsVisible = 0;
			defaultConfigurationName = Release;
		};
		A1042CBC26863E620029F25F /* Build configuration list for PBXNativeTarget "ParallaxEffect" */ = {
			isa = XCConfigurationList;
			buildConfigurations = (
				A1042CBD26863E620029F25F /* Debug */,
				A1042CBE26863E620029F25F /* Release */,
			);
			defaultConfigurationIsVisible = 0;
			defaultConfigurationName = Release;
		};
/* End XCConfigurationList section */
	};
	rootObject = A1042CA026863E600029F25F /* Project object */;
}
